// !$*UTF8*$!
{
	archiveVersion = 1;
	classes = {
	};
	objectVersion = 46;
	objects = {

/* Begin PBXBuildFile section */
		CE7FCB361A4FA33F005D37B5 /* AboutViewController.swift in Sources */ = {isa = PBXBuildFile; fileRef = CE7FCB351A4FA33F005D37B5 /* AboutViewController.swift */; };
		CE8098981A46B089006B71E4 /* AppDelegate.swift in Sources */ = {isa = PBXBuildFile; fileRef = CE8098971A46B089006B71E4 /* AppDelegate.swift */; };
		CE80989A1A46B089006B71E4 /* ViewController.swift in Sources */ = {isa = PBXBuildFile; fileRef = CE8098991A46B089006B71E4 /* ViewController.swift */; };
		CE80989D1A46B089006B71E4 /* Main.storyboard in Resources */ = {isa = PBXBuildFile; fileRef = CE80989B1A46B089006B71E4 /* Main.storyboard */; };
		CE80989F1A46B089006B71E4 /* Images.xcassets in Resources */ = {isa = PBXBuildFile; fileRef = CE80989E1A46B089006B71E4 /* Images.xcassets */; };
		CE8098A21A46B089006B71E4 /* LaunchScreen.xib in Resources */ = {isa = PBXBuildFile; fileRef = CE8098A01A46B089006B71E4 /* LaunchScreen.xib */; };
		CE8098AE1A46B089006B71E4 /* BullsEyeTests.swift in Sources */ = {isa = PBXBuildFile; fileRef = CE8098AD1A46B089006B71E4 /* BullsEyeTests.swift */; };
/* End PBXBuildFile section */

/* Begin PBXContainerItemProxy section */
		CE8098A81A46B089006B71E4 /* PBXContainerItemProxy */ = {
			isa = PBXContainerItemProxy;
			containerPortal = CE80988A1A46B089006B71E4 /* Project object */;
			proxyType = 1;
			remoteGlobalIDString = CE8098911A46B089006B71E4;
			remoteInfo = BullsEye;
		};
/* End PBXContainerItemProxy section */

/* Begin PBXFileReference section */
		CE7FCB351A4FA33F005D37B5 /* AboutViewController.swift */ = {isa = PBXFileReference; fileEncoding = 4; lastKnownFileType = sourcecode.swift; path = AboutViewController.swift; sourceTree = "<group>"; };
		CE8098921A46B089006B71E4 /* BullsEye.app */ = {isa = PBXFileReference; explicitFileType = wrapper.application; includeInIndex = 0; path = BullsEye.app; sourceTree = BUILT_PRODUCTS_DIR; };
		CE8098961A46B089006B71E4 /* Info.plist */ = {isa = PBXFileReference; lastKnownFileType = text.plist.xml; path = Info.plist; sourceTree = "<group>"; };
		CE8098971A46B089006B71E4 /* AppDelegate.swift */ = {isa = PBXFileReference; lastKnownFileType = sourcecode.swift; path = AppDelegate.swift; sourceTree = "<group>"; };
		CE8098991A46B089006B71E4 /* ViewController.swift */ = {isa = PBXFileReference; lastKnownFileType = sourcecode.swift; path = ViewController.swift; sourceTree = "<group>"; };
		CE80989C1A46B089006B71E4 /* Base */ = {isa = PBXFileReference; lastKnownFileType = file.storyboard; name = Base; path = Base.lproj/Main.storyboard; sourceTree = "<group>"; };
		CE80989E1A46B089006B71E4 /* Images.xcassets */ = {isa = PBXFileReference; lastKnownFileType = folder.assetcatalog; path = Images.xcassets; sourceTree = "<group>"; };
		CE8098A11A46B089006B71E4 /* Base */ = {isa = PBXFileReference; lastKnownFileType = file.xib; name = Base; path = Base.lproj/LaunchScreen.xib; sourceTree = "<group>"; };
		CE8098A71A46B089006B71E4 /* BullsEyeTests.xctest */ = {isa = PBXFileReference; explicitFileType = wrapper.cfbundle; includeInIndex = 0; path = BullsEyeTests.xctest; sourceTree = BUILT_PRODUCTS_DIR; };
		CE8098AC1A46B089006B71E4 /* Info.plist */ = {isa = PBXFileReference; lastKnownFileType = text.plist.xml; path = Info.plist; sourceTree = "<group>"; };
		CE8098AD1A46B089006B71E4 /* BullsEyeTests.swift */ = {isa = PBXFileReference; lastKnownFileType = sourcecode.swift; path = BullsEyeTests.swift; sourceTree = "<group>"; };
/* End PBXFileReference section */

/* Begin PBXFrameworksBuildPhase section */
		CE80988F1A46B089006B71E4 /* Frameworks */ = {
			isa = PBXFrameworksBuildPhase;
			buildActionMask = 2147483647;
			files = (
			);
			runOnlyForDeploymentPostprocessing = 0;
		};
		CE8098A41A46B089006B71E4 /* Frameworks */ = {
			isa = PBXFrameworksBuildPhase;
			buildActionMask = 2147483647;
			files = (
			);
			runOnlyForDeploymentPostprocessing = 0;
		};
/* End PBXFrameworksBuildPhase section */

/* Begin PBXGroup section */
		CE8098891A46B089006B71E4 = {
			isa = PBXGroup;
			children = (
				CE8098941A46B089006B71E4 /* BullsEye */,
				CE8098AA1A46B089006B71E4 /* BullsEyeTests */,
				CE8098931A46B089006B71E4 /* Products */,
			);
			sourceTree = "<group>";
		};
		CE8098931A46B089006B71E4 /* Products */ = {
			isa = PBXGroup;
			children = (
				CE8098921A46B089006B71E4 /* BullsEye.app */,
				CE8098A71A46B089006B71E4 /* BullsEyeTests.xctest */,
			);
			name = Products;
			sourceTree = "<group>";
		};
		CE8098941A46B089006B71E4 /* BullsEye */ = {
			isa = PBXGroup;
			children = (
				CE8098971A46B089006B71E4 /* AppDelegate.swift */,
				CE8098991A46B089006B71E4 /* ViewController.swift */,
				CE80989B1A46B089006B71E4 /* Main.storyboard */,
				CE7FCB351A4FA33F005D37B5 /* AboutViewController.swift */,
				CE80989E1A46B089006B71E4 /* Images.xcassets */,
				CE8098A01A46B089006B71E4 /* LaunchScreen.xib */,
				CE8098951A46B089006B71E4 /* Supporting Files */,
			);
			path = BullsEye;
			sourceTree = "<group>";
		};
		CE8098951A46B089006B71E4 /* Supporting Files */ = {
			isa = PBXGroup;
			children = (
				CE8098961A46B089006B71E4 /* Info.plist */,
			);
			name = "Supporting Files";
			sourceTree = "<group>";
		};
		CE8098AA1A46B089006B71E4 /* BullsEyeTests */ = {
			isa = PBXGroup;
			children = (
				CE8098AD1A46B089006B71E4 /* BullsEyeTests.swift */,
				CE8098AB1A46B089006B71E4 /* Supporting Files */,
			);
			path = BullsEyeTests;
			sourceTree = "<group>";
		};
		CE8098AB1A46B089006B71E4 /* Supporting Files */ = {
			isa = PBXGroup;
			children = (
				CE8098AC1A46B089006B71E4 /* Info.plist */,
			);
			name = "Supporting Files";
			sourceTree = "<group>";
		};
/* End PBXGroup section */

/* Begin PBXNativeTarget section */
		CE8098911A46B089006B71E4 /* BullsEye */ = {
			isa = PBXNativeTarget;
			buildConfigurationList = CE8098B11A46B089006B71E4 /* Build configuration list for PBXNativeTarget "BullsEye" */;
			buildPhases = (
				CE80988E1A46B089006B71E4 /* Sources */,
				CE80988F1A46B089006B71E4 /* Frameworks */,
				CE8098901A46B089006B71E4 /* Resources */,
			);
			buildRules = (
			);
			dependencies = (
			);
			name = BullsEye;
			productName = BullsEye;
			productReference = CE8098921A46B089006B71E4 /* BullsEye.app */;
			productType = "com.apple.product-type.application";
		};
		CE8098A61A46B089006B71E4 /* BullsEyeTests */ = {
			isa = PBXNativeTarget;
			buildConfigurationList = CE8098B41A46B089006B71E4 /* Build configuration list for PBXNativeTarget "BullsEyeTests" */;
			buildPhases = (
				CE8098A31A46B089006B71E4 /* Sources */,
				CE8098A41A46B089006B71E4 /* Frameworks */,
				CE8098A51A46B089006B71E4 /* Resources */,
			);
			buildRules = (
			);
			dependencies = (
				CE8098A91A46B089006B71E4 /* PBXTargetDependency */,
			);
			name = BullsEyeTests;
			productName = BullsEyeTests;
			productReference = CE8098A71A46B089006B71E4 /* BullsEyeTests.xctest */;
			productType = "com.apple.product-type.bundle.unit-test";
		};
/* End PBXNativeTarget section */

/* Begin PBXProject section */
		CE80988A1A46B089006B71E4 /* Project object */ = {
			isa = PBXProject;
			attributes = {
				LastUpgradeCheck = 0610;
				ORGANIZATIONNAME = edu.illinois.melagha;
				TargetAttributes = {
					CE8098911A46B089006B71E4 = {
						CreatedOnToolsVersion = 6.1.1;
					};
					CE8098A61A46B089006B71E4 = {
						CreatedOnToolsVersion = 6.1.1;
						TestTargetID = CE8098911A46B089006B71E4;
					};
				};
			};
			buildConfigurationList = CE80988D1A46B089006B71E4 /* Build configuration list for PBXProject "BullsEye" */;
			compatibilityVersion = "Xcode 3.2";
			developmentRegion = English;
			hasScannedForEncodings = 0;
			knownRegions = (
				en,
				Base,
			);
			mainGroup = CE8098891A46B089006B71E4;
			productRefGroup = CE8098931A46B089006B71E4 /* Products */;
			projectDirPath = "";
			projectRoot = "";
			targets = (
				CE8098911A46B089006B71E4 /* BullsEye */,
				CE8098A61A46B089006B71E4 /* BullsEyeTests */,
			);
		};
/* End PBXProject section */

/* Begin PBXResourcesBuildPhase section */
		CE8098901A46B089006B71E4 /* Resources */ = {
			isa = PBXResourcesBuildPhase;
			buildActionMask = 2147483647;
			files = (
				CE80989D1A46B089006B71E4 /* Main.storyboard in Resources */,
				CE8098A21A46B089006B71E4 /* LaunchScreen.xib in Resources */,
				CE80989F1A46B089006B71E4 /* Images.xcassets in Resources */,
			);
			runOnlyForDeploymentPostprocessing = 0;
		};
		CE8098A51A46B089006B71E4 /* Resources */ = {
			isa = PBXResourcesBuildPhase;
			buildActionMask = 2147483647;
			files = (
			);
			runOnlyForDeploymentPostprocessing = 0;
		};
/* End PBXResourcesBuildPhase section */

/* Begin PBXSourcesBuildPhase section */
		CE80988E1A46B089006B71E4 /* Sources */ = {
			isa = PBXSourcesBuildPhase;
			buildActionMask = 2147483647;
			files = (
				CE7FCB361A4FA33F005D37B5 /* AboutViewController.swift in Sources */,
				CE80989A1A46B089006B71E4 /* ViewController.swift in Sources */,
				CE8098981A46B089006B71E4 /* AppDelegate.swift in Sources */,
			);
			runOnlyForDeploymentPostprocessing = 0;
		};
		CE8098A31A46B089006B71E4 /* Sources */ = {
			isa = PBXSourcesBuildPhase;
			buildActionMask = 2147483647;
			files = (
				CE8098AE1A46B089006B71E4 /* BullsEyeTests.swift in Sources */,
			);
			runOnlyForDeploymentPostprocessing = 0;
		};
/* End PBXSourcesBuildPhase section */

/* Begin PBXTargetDependency section */
		CE8098A91A46B089006B71E4 /* PBXTargetDependency */ = {
			isa = PBXTargetDependency;
			target = CE8098911A46B089006B71E4 /* BullsEye */;
			targetProxy = CE8098A81A46B089006B71E4 /* PBXContainerItemProxy */;
		};
/* End PBXTargetDependency section */

/* Begin PBXVariantGroup section */
		CE80989B1A46B089006B71E4 /* Main.storyboard */ = {
			isa = PBXVariantGroup;
			children = (
				CE80989C1A46B089006B71E4 /* Base */,
			);
			name = Main.storyboard;
			sourceTree = "<group>";
		};
		CE8098A01A46B089006B71E4 /* LaunchScreen.xib */ = {
			isa = PBXVariantGroup;
			children = (
				CE8098A11A46B089006B71E4 /* Base */,
			);
			name = LaunchScreen.xib;
			sourceTree = "<group>";
		};
/* End PBXVariantGroup section */

/* Begin XCBuildConfiguration section */
		CE8098AF1A46B089006B71E4 /* Debug */ = {
			isa = XCBuildConfiguration;
			buildSettings = {
				ALWAYS_SEARCH_USER_PATHS = NO;
				CLANG_CXX_LANGUAGE_STANDARD = "gnu++0x";
				CLANG_CXX_LIBRARY = "libc++";
				CLANG_ENABLE_MODULES = YES;
				CLANG_ENABLE_OBJC_ARC = YES;
				CLANG_WARN_BOOL_CONVERSION = YES;
				CLANG_WARN_CONSTANT_CONVERSION = YES;
				CLANG_WARN_DIRECT_OBJC_ISA_USAGE = YES_ERROR;
				CLANG_WARN_EMPTY_BODY = YES;
				CLANG_WARN_ENUM_CONVERSION = YES;
				CLANG_WARN_INT_CONVERSION = YES;
				CLANG_WARN_OBJC_ROOT_CLASS = YES_ERROR;
				CLANG_WARN_UNREACHABLE_CODE = YES;
				CLANG_WARN__DUPLICATE_METHOD_MATCH = YES;
				"CODE_SIGN_IDENTITY[sdk=iphoneos*]" = "iPhone Developer";
				COPY_PHASE_STRIP = NO;
				ENABLE_STRICT_OBJC_MSGSEND = YES;
				GCC_C_LANGUAGE_STANDARD = gnu99;
				GCC_DYNAMIC_NO_PIC = NO;
				GCC_OPTIMIZATION_LEVEL = 0;
				GCC_PREPROCESSOR_DEFINITIONS = (
					"DEBUG=1",
					"$(inherited)",
				);
				GCC_SYMBOLS_PRIVATE_EXTERN = NO;
				GCC_WARN_64_TO_32_BIT_CONVERSION = YES;
				GCC_WARN_ABOUT_RETURN_TYPE = YES_ERROR;
				GCC_WARN_UNDECLARED_SELECTOR = YES;
				GCC_WARN_UNINITIALIZED_AUTOS = YES_AGGRESSIVE;
				GCC_WARN_UNUSED_FUNCTION = YES;
				GCC_WARN_UNUSED_VARIABLE = YES;
				IPHONEOS_DEPLOYMENT_TARGET = 8.1;
				MTL_ENABLE_DEBUG_INFO = YES;
				ONLY_ACTIVE_ARCH = YES;
				SDKROOT = iphoneos;
				SWIFT_OPTIMIZATION_LEVEL = "-Onone";
			};
			name = Debug;
		};
		CE8098B01A46B089006B71E4 /* Release */ = {
			isa = XCBuildConfiguration;
			buildSettings = {
				ALWAYS_SEARCH_USER_PATHS = NO;
				CLANG_CXX_LANGUAGE_STANDARD = "gnu++0x";
				CLANG_CXX_LIBRARY = "libc++";
				CLANG_ENABLE_MODULES = YES;
				CLANG_ENABLE_OBJC_ARC = YES;
				CLANG_WARN_BOOL_CONVERSION = YES;
				CLANG_WARN_CONSTANT_CONVERSION = YES;
				CLANG_WARN_DIRECT_OBJC_ISA_USAGE = YES_ERROR;
				CLANG_WARN_EMPTY_BODY = YES;
				CLANG_WARN_ENUM_CONVERSION = YES;
				CLANG_WARN_INT_CONVERSION = YES;
				CLANG_WARN_OBJC_ROOT_CLASS = YES_ERROR;
				CLANG_WARN_UNREACHABLE_CODE = YES;
				CLANG_WARN__DUPLICATE_METHOD_MATCH = YES;
				"CODE_SIGN_IDENTITY[sdk=iphoneos*]" = "iPhone Developer";
				COPY_PHASE_STRIP = YES;
				ENABLE_NS_ASSERTIONS = NO;
				ENABLE_STRICT_OBJC_MSGSEND = YES;
				GCC_C_LANGUAGE_STANDARD = gnu99;
				GCC_WARN_64_TO_32_BIT_CONVERSION = YES;
				GCC_WARN_ABOUT_RETURN_TYPE = YES_ERROR;
				GCC_WARN_UNDECLARED_SELECTOR = YES;
				GCC_WARN_UNINITIALIZED_AUTOS = YES_AGGRESSIVE;
				GCC_WARN_UNUSED_FUNCTION = YES;
				GCC_WARN_UNUSED_VARIABLE = YES;
				IPHONEOS_DEPLOYMENT_TARGET = 8.1;
				MTL_ENABLE_DEBUG_INFO = NO;
				SDKROOT = iphoneos;
				VALIDATE_PRODUCT = YES;
			};
			name = Release;
		};
		CE8098B21A46B089006B71E4 /* Debug */ = {
			isa = XCBuildConfiguration;
			buildSettings = {
				ASSETCATALOG_COMPILER_APPICON_NAME = AppIcon;
				INFOPLIST_FILE = BullsEye/Info.plist;
				LD_RUNPATH_SEARCH_PATHS = "$(inherited) @executable_path/Frameworks";
				PRODUCT_NAME = "$(TARGET_NAME)";
			};
			name = Debug;
		};
		CE8098B31A46B089006B71E4 /* Release */ = {
			isa = XCBuildConfiguration;
			buildSettings = {
				ASSETCATALOG_COMPILER_APPICON_NAME = AppIcon;
				INFOPLIST_FILE = BullsEye/Info.plist;
				LD_RUNPATH_SEARCH_PATHS = "$(inherited) @executable_path/Frameworks";
				PRODUCT_NAME = "$(TARGET_NAME)";
			};
			name = Release;
		};
		CE8098B51A46B089006B71E4 /* Debug */ = {
			isa = XCBuildConfiguration;
			buildSettings = {
				BUNDLE_LOADER = "$(TEST_HOST)";
				FRAMEWORK_SEARCH_PATHS = (
					"$(SDKROOT)/Developer/Library/Frameworks",
					"$(inherited)",
				);
				GCC_PREPROCESSOR_DEFINITIONS = (
					"DEBUG=1",
					"$(inherited)",
				);
				INFOPLIST_FILE = BullsEyeTests/Info.plist;
				LD_RUNPATH_SEARCH_PATHS = "$(inherited) @executable_path/Frameworks @loader_path/Frameworks";
				PRODUCT_NAME = "$(TARGET_NAME)";
				TEST_HOST = "$(BUILT_PRODUCTS_DIR)/BullsEye.app/BullsEye";
			};
			name = Debug;
		};
		CE8098B61A46B089006B71E4 /* Release */ = {
			isa = XCBuildConfiguration;
			buildSettings = {
				BUNDLE_LOADER = "$(TEST_HOST)";
				FRAMEWORK_SEARCH_PATHS = (
					"$(SDKROOT)/Developer/Library/Frameworks",
					"$(inherited)",
				);
				INFOPLIST_FILE = BullsEyeTests/Info.plist;
				LD_RUNPATH_SEARCH_PATHS = "$(inherited) @executable_path/Frameworks @loader_path/Frameworks";
				PRODUCT_NAME = "$(TARGET_NAME)";
				TEST_HOST = "$(BUILT_PRODUCTS_DIR)/BullsEye.app/BullsEye";
			};
			name = Release;
		};
/* End XCBuildConfiguration section */

/* Begin XCConfigurationList section */
		CE80988D1A46B089006B71E4 /* Build configuration list for PBXProject "BullsEye" */ = {
			isa = XCConfigurationList;
			buildConfigurations = (
				CE8098AF1A46B089006B71E4 /* Debug */,
				CE8098B01A46B089006B71E4 /* Release */,
			);
			defaultConfigurationIsVisible = 0;
			defaultConfigurationName = Release;
		};
		CE8098B11A46B089006B71E4 /* Build configuration list for PBXNativeTarget "BullsEye" */ = {
			isa = XCConfigurationList;
			buildConfigurations = (
				CE8098B21A46B089006B71E4 /* Debug */,
				CE8098B31A46B089006B71E4 /* Release */,
			);
			defaultConfigurationIsVisible = 0;
			defaultConfigurationName = Release;
		};
		CE8098B41A46B089006B71E4 /* Build configuration list for PBXNativeTarget "BullsEyeTests" */ = {
			isa = XCConfigurationList;
			buildConfigurations = (
				CE8098B51A46B089006B71E4 /* Debug */,
				CE8098B61A46B089006B71E4 /* Release */,
			);
			defaultConfigurationIsVisible = 0;
			defaultConfigurationName = Release;
		};
/* End XCConfigurationList section */
	};
	rootObject = CE80988A1A46B089006B71E4 /* Project object */;
}
